
Microsoft Visual Studio Solution File, Format Version 12.00
# Visual Studio Version 17
VisualStudioVersion = 17.0.32014.148
MinimumVisualStudioVersion = 10.0.40219.1
Project("{8BC9CEB8-8B4A-11D0-8D11-00A0C91BC942}") = "OpenGL", "OpenGL\OpenGL.vcxproj", "{ECF7D946-6CB9-4A06-8754-8D115C3E211F}"
EndProject
Project("{8BC9CEB8-8B4A-11D0-8D11-00A0C91BC942}") = "Draft", "Draft\Draft.vcxproj", "{486F4591-9934-4745-95ED-31300190E4D0}"
EndProject
Global
	GlobalSection(SolutionConfigurationPlatforms) = preSolution
		Debug|x64 = Debug|x64
		Debug|x86 = Debug|x86
		Draft|x64 = Draft|x64
		Draft|x86 = Draft|x86
		Release|x64 = Release|x64
		Release|x86 = Release|x86
	EndGlobalSection
	GlobalSection(ProjectConfigurationPlatforms) = postSolution
		{ECF7D946-6CB9-4A06-8754-8D115C3E211F}.Debug|x64.ActiveCfg = Debug|x64
		{ECF7D946-6CB9-4A06-8754-8D115C3E211F}.Debug|x64.Build.0 = Debug|x64
		{ECF7D946-6CB9-4A06-8754-8D115C3E211F}.Debug|x86.ActiveCfg = Debug|Win32
		{ECF7D946-6CB9-4A06-8754-8D115C3E211F}.Debug|x86.Build.0 = Debug|Win32
		{ECF7D946-6CB9-4A06-8754-8D115C3E211F}.Draft|x64.ActiveCfg = Draft|x64
		{ECF7D946-6CB9-4A06-8754-8D115C3E211F}.Draft|x86.ActiveCfg = Draft|Win32
		{ECF7D946-6CB9-4A06-8754-8D115C3E211F}.Draft|x86.Build.0 = Draft|Win32
		{ECF7D946-6CB9-4A06-8754-8D115C3E211F}.Release|x64.ActiveCfg = Release|x64
		{ECF7D946-6CB9-4A06-8754-8D115C3E211F}.Release|x64.Build.0 = Release|x64
		{ECF7D946-6CB9-4A06-8754-8D115C3E211F}.Release|x86.ActiveCfg = Release|Win32
		{ECF7D946-6CB9-4A06-8754-8D115C3E211F}.Release|x86.Build.0 = Release|Win32
		{486F4591-9934-4745-95ED-31300190E4D0}.Debug|x64.ActiveCfg = Debug|x64
		{486F4591-9934-4745-95ED-31300190E4D0}.Debug|x86.ActiveCfg = Debug|Win32
		{486F4591-9934-4745-95ED-31300190E4D0}.Debug|x86.Build.0 = Debug|Win32
		{486F4591-9934-4745-95ED-31300190E4D0}.Draft|x64.ActiveCfg = Draft|x64
		{486F4591-9934-4745-95ED-31300190E4D0}.Draft|x64.Build.0 = Draft|x64
		{486F4591-9934-4745-95ED-31300190E4D0}.Draft|x86.ActiveCfg = Draft|Win32
		{486F4591-9934-4745-95ED-31300190E4D0}.Draft|x86.Build.0 = Draft|Win32
		{486F4591-9934-4745-95ED-31300190E4D0}.Release|x64.ActiveCfg = Release|x64
		{486F4591-9934-4745-95ED-31300190E4D0}.Release|x64.Build.0 = Release|x64
		{486F4591-9934-4745-95ED-31300190E4D0}.Release|x86.ActiveCfg = Release|Win32
		{486F4591-9934-4745-95ED-31300190E4D0}.Release|x86.Build.0 = Release|Win32
	EndGlobalSection
	GlobalSection(SolutionProperties) = preSolution
		HideSolutionNode = FALSE
	EndGlobalSection
	GlobalSection(ExtensibilityGlobals) = postSolution
		SolutionGuid = {D90EA568-9652-4925-B541-21380EF3EA72}
	EndGlobalSection
EndGlobal
